
Microsoft Visual Studio Solution File, Format Version 12.00
# Visual Studio Version 17
VisualStudioVersion = 17.13.35913.81
MinimumVisualStudioVersion = 10.0.40219.1
Project("{FAE04EC0-301F-11D3-BF4B-00C04F79EFBC}") = "DTBC.Ludotek.Web.Api.UI", "DTBC.Ludotek.Web.Api.UI\DTBC.Ludotek.Web.Api.UI.csproj", "{1D208359-4440-4A0B-97C8-5717357CF123}"
EndProject
Project("{2150E333-8FDC-42A3-9474-1A3956D46DE8}") = "Libs", "Libs", "{02EA681E-C7D8-13C7-8484-4AC65E1B71E8}"
EndProject
Project("{FAE04EC0-301F-11D3-BF4B-00C04F79EFBC}") = "DTBC.Ludotek.Core.VideoGames.Models", "DTBC.Ludotek.Core.VideoGames.Models\DTBC.Ludotek.Core.VideoGames.Models.csproj", "{7194ADA0-3CEF-4357-88AB-1D9BC56E2DCD}"
EndProject
Project("{2150E333-8FDC-42A3-9474-1A3956D46DE8}") = "VideoGames", "VideoGames", "{235DF9A3-26FA-4088-8410-0AAA9A7E7080}"
EndProject
Project("{2150E333-8FDC-42A3-9474-1A3956D46DE8}") = "UIs", "UIs", "{D8FA177C-E61F-4742-ACD7-720C9D28A139}"
EndProject
Project("{FAE04EC0-301F-11D3-BF4B-00C04F79EFBC}") = "DTBC.Ludotek.Core.VideoGames.Application", "DTBC.Ludotek.Core.VideoGames.Application\DTBC.Ludotek.Core.VideoGames.Application.csproj", "{61AC048C-3B80-400D-9810-16E0E37356DD}"
EndProject
Project("{FAE04EC0-301F-11D3-BF4B-00C04F79EFBC}") = "DTBC.Ludotek.Core.VideoGames.Infrastructure.InMemory", "DTBC.Ludotek.Core.VideoGames.Infrastructure.InMemory\DTBC.Ludotek.Core.VideoGames.Infrastructure.InMemory.csproj", "{1682B766-334F-43AE-9E60-8DF4FB3F3B27}"
EndProject
Project("{2150E333-8FDC-42A3-9474-1A3956D46DE8}") = "Persons", "Persons", "{48F51422-1D17-4878-84B8-A5C3F15F8F90}"
EndProject
Project("{FAE04EC0-301F-11D3-BF4B-00C04F79EFBC}") = "DTBC.Ludotek.Persons.Tests", "DTBC.Ludotek.Persons.Tests\DTBC.Ludotek.Persons.Tests.csproj", "{9FD75F2A-9229-4B31-88A3-6DFF53DD388A}"
EndProject
Project("{FAE04EC0-301F-11D3-BF4B-00C04F79EFBC}") = "DTBC.Ludotek.Core.Persons.Application", "DTBC.Ludotek.Core.Persons.Application\DTBC.Ludotek.Core.Persons.Application.csproj", "{65A7AB32-19ED-4AFD-8599-77730DB43F76}"
EndProject
Project("{FAE04EC0-301F-11D3-BF4B-00C04F79EFBC}") = "DTBC.Ludotek.Core.Persons.Domains", "DTBC.Ludotek.Core.Persons.Domains\DTBC.Ludotek.Core.Persons.Domains.csproj", "{E7868FC5-4930-4CC1-890A-8119A27026E1}"
EndProject
Project("{FAE04EC0-301F-11D3-BF4B-00C04F79EFBC}") = "DTBC.Ludotek.Core.Persons.Infrastructure", "DTBC.Ludotek.Core.Persons.Infrastructure\DTBC.Ludotek.Core.Persons.Infrastructure.csproj", "{E15201C6-F0D2-4599-A1B7-9ECBB080E45F}"
EndProject
Project("{2150E333-8FDC-42A3-9474-1A3956D46DE8}") = "Common", "Common", "{B2750ADC-AC7E-47E2-B7CC-FBC202E4A433}"
EndProject
Project("{FAE04EC0-301F-11D3-BF4B-00C04F79EFBC}") = "DTBC.Ludotek.Core.Web.Api", "DTBC.Ludotek.Core.Web.Api\DTBC.Ludotek.Core.Web.Api.csproj", "{8FA30644-2734-4724-A4E7-D46B9021A8F7}"
EndProject
Project("{FAE04EC0-301F-11D3-BF4B-00C04F79EFBC}") = "DTBC.Core.Web.API", "DTBC.Core.Web.API\DTBC.Core.Web.API.csproj", "{8CCCBC48-75ED-4769-BC80-C110B80A93E0}"
EndProject
Project("{2150E333-8FDC-42A3-9474-1A3956D46DE8}") = "Courses", "Courses", "{DB85B196-22D8-483C-8F69-531AA03E7E6C}"
EndProject
Project("{FAE04EC0-301F-11D3-BF4B-00C04F79EFBC}") = "TheDelegates", "TheDelegates\TheDelegates.csproj", "{9AEBC8FC-8145-4BC1-9F66-746147514E52}"
EndProject
Project("{FAE04EC0-301F-11D3-BF4B-00C04F79EFBC}") = "DTBC.Ludotek.Pipelines", "DTBC.Ludotek.Pipelines\DTBC.Ludotek.Pipelines.csproj", "{970F62FC-8754-4ABF-BB3A-32F02817D2D5}"
EndProject
Project("{FAE04EC0-301F-11D3-BF4B-00C04F79EFBC}") = "DiscoverTasks", "DiscoverTasks4\DiscoverTasks.csproj", "{BDAA860C-D95D-46F9-A8D0-F3D4FB6ECDD4}"
EndProject
Project("{FAE04EC0-301F-11D3-BF4B-00C04F79EFBC}") = "DTBC.Ludotek.Core.VideoGames.Infrastructure", "DTBC.Ludotek.Core.VideoGames.Infrastructure\DTBC.Ludotek.Core.VideoGames.Infrastructure.csproj", "{672A26ED-6055-4453-83BD-7396412AB6CB}"
EndProject
Project("{FAE04EC0-301F-11D3-BF4B-00C04F79EFBC}") = "DTBC.Ludotek.Web.Api.UI.MinimalAPI", "DTBC.Ludotek.Web.Api.UI.MinimalAPI\DTBC.Ludotek.Web.Api.UI.MinimalAPI.csproj", "{399BA23C-CD2D-4939-8B11-3ADB87E24016}"
EndProject
Global
	GlobalSection(SolutionConfigurationPlatforms) = preSolution
		Debug|Any CPU = Debug|Any CPU
		Release|Any CPU = Release|Any CPU
	EndGlobalSection
	GlobalSection(ProjectConfigurationPlatforms) = postSolution
		{1D208359-4440-4A0B-97C8-5717357CF123}.Debug|Any CPU.ActiveCfg = Debug|Any CPU
		{1D208359-4440-4A0B-97C8-5717357CF123}.Debug|Any CPU.Build.0 = Debug|Any CPU
		{1D208359-4440-4A0B-97C8-5717357CF123}.Release|Any CPU.ActiveCfg = Release|Any CPU
		{1D208359-4440-4A0B-97C8-5717357CF123}.Release|Any CPU.Build.0 = Release|Any CPU
		{7194ADA0-3CEF-4357-88AB-1D9BC56E2DCD}.Debug|Any CPU.ActiveCfg = Debug|Any CPU
		{7194ADA0-3CEF-4357-88AB-1D9BC56E2DCD}.Debug|Any CPU.Build.0 = Debug|Any CPU
		{7194ADA0-3CEF-4357-88AB-1D9BC56E2DCD}.Release|Any CPU.ActiveCfg = Release|Any CPU
		{7194ADA0-3CEF-4357-88AB-1D9BC56E2DCD}.Release|Any CPU.Build.0 = Release|Any CPU
		{61AC048C-3B80-400D-9810-16E0E37356DD}.Debug|Any CPU.ActiveCfg = Debug|Any CPU
		{61AC048C-3B80-400D-9810-16E0E37356DD}.Debug|Any CPU.Build.0 = Debug|Any CPU
		{61AC048C-3B80-400D-9810-16E0E37356DD}.Release|Any CPU.ActiveCfg = Release|Any CPU
		{61AC048C-3B80-400D-9810-16E0E37356DD}.Release|Any CPU.Build.0 = Release|Any CPU
		{1682B766-334F-43AE-9E60-8DF4FB3F3B27}.Debug|Any CPU.ActiveCfg = Debug|Any CPU
		{1682B766-334F-43AE-9E60-8DF4FB3F3B27}.Debug|Any CPU.Build.0 = Debug|Any CPU
		{1682B766-334F-43AE-9E60-8DF4FB3F3B27}.Release|Any CPU.ActiveCfg = Release|Any CPU
		{1682B766-334F-43AE-9E60-8DF4FB3F3B27}.Release|Any CPU.Build.0 = Release|Any CPU
		{9FD75F2A-9229-4B31-88A3-6DFF53DD388A}.Debug|Any CPU.ActiveCfg = Debug|Any CPU
		{9FD75F2A-9229-4B31-88A3-6DFF53DD388A}.Debug|Any CPU.Build.0 = Debug|Any CPU
		{9FD75F2A-9229-4B31-88A3-6DFF53DD388A}.Release|Any CPU.ActiveCfg = Release|Any CPU
		{9FD75F2A-9229-4B31-88A3-6DFF53DD388A}.Release|Any CPU.Build.0 = Release|Any CPU
		{65A7AB32-19ED-4AFD-8599-77730DB43F76}.Debug|Any CPU.ActiveCfg = Debug|Any CPU
		{65A7AB32-19ED-4AFD-8599-77730DB43F76}.Debug|Any CPU.Build.0 = Debug|Any CPU
		{65A7AB32-19ED-4AFD-8599-77730DB43F76}.Release|Any CPU.ActiveCfg = Release|Any CPU
		{65A7AB32-19ED-4AFD-8599-77730DB43F76}.Release|Any CPU.Build.0 = Release|Any CPU
		{E7868FC5-4930-4CC1-890A-8119A27026E1}.Debug|Any CPU.ActiveCfg = Debug|Any CPU
		{E7868FC5-4930-4CC1-890A-8119A27026E1}.Debug|Any CPU.Build.0 = Debug|Any CPU
		{E7868FC5-4930-4CC1-890A-8119A27026E1}.Release|Any CPU.ActiveCfg = Release|Any CPU
		{E7868FC5-4930-4CC1-890A-8119A27026E1}.Release|Any CPU.Build.0 = Release|Any CPU
		{E15201C6-F0D2-4599-A1B7-9ECBB080E45F}.Debug|Any CPU.ActiveCfg = Debug|Any CPU
		{E15201C6-F0D2-4599-A1B7-9ECBB080E45F}.Debug|Any CPU.Build.0 = Debug|Any CPU
		{E15201C6-F0D2-4599-A1B7-9ECBB080E45F}.Release|Any CPU.ActiveCfg = Release|Any CPU
		{E15201C6-F0D2-4599-A1B7-9ECBB080E45F}.Release|Any CPU.Build.0 = Release|Any CPU
		{8FA30644-2734-4724-A4E7-D46B9021A8F7}.Debug|Any CPU.ActiveCfg = Debug|Any CPU
		{8FA30644-2734-4724-A4E7-D46B9021A8F7}.Debug|Any CPU.Build.0 = Debug|Any CPU
		{8FA30644-2734-4724-A4E7-D46B9021A8F7}.Release|Any CPU.ActiveCfg = Release|Any CPU
		{8FA30644-2734-4724-A4E7-D46B9021A8F7}.Release|Any CPU.Build.0 = Release|Any CPU
		{8CCCBC48-75ED-4769-BC80-C110B80A93E0}.Debug|Any CPU.ActiveCfg = Debug|Any CPU
		{8CCCBC48-75ED-4769-BC80-C110B80A93E0}.Debug|Any CPU.Build.0 = Debug|Any CPU
		{8CCCBC48-75ED-4769-BC80-C110B80A93E0}.Release|Any CPU.ActiveCfg = Release|Any CPU
		{8CCCBC48-75ED-4769-BC80-C110B80A93E0}.Release|Any CPU.Build.0 = Release|Any CPU
		{9AEBC8FC-8145-4BC1-9F66-746147514E52}.Debug|Any CPU.ActiveCfg = Debug|Any CPU
		{9AEBC8FC-8145-4BC1-9F66-746147514E52}.Debug|Any CPU.Build.0 = Debug|Any CPU
		{9AEBC8FC-8145-4BC1-9F66-746147514E52}.Release|Any CPU.ActiveCfg = Release|Any CPU
		{9AEBC8FC-8145-4BC1-9F66-746147514E52}.Release|Any CPU.Build.0 = Release|Any CPU
		{970F62FC-8754-4ABF-BB3A-32F02817D2D5}.Debug|Any CPU.ActiveCfg = Debug|Any CPU
		{970F62FC-8754-4ABF-BB3A-32F02817D2D5}.Debug|Any CPU.Build.0 = Debug|Any CPU
		{970F62FC-8754-4ABF-BB3A-32F02817D2D5}.Release|Any CPU.ActiveCfg = Release|Any CPU
		{970F62FC-8754-4ABF-BB3A-32F02817D2D5}.Release|Any CPU.Build.0 = Release|Any CPU
		{BDAA860C-D95D-46F9-A8D0-F3D4FB6ECDD4}.Debug|Any CPU.ActiveCfg = Debug|Any CPU
		{BDAA860C-D95D-46F9-A8D0-F3D4FB6ECDD4}.Debug|Any CPU.Build.0 = Debug|Any CPU
		{BDAA860C-D95D-46F9-A8D0-F3D4FB6ECDD4}.Release|Any CPU.ActiveCfg = Release|Any CPU
		{BDAA860C-D95D-46F9-A8D0-F3D4FB6ECDD4}.Release|Any CPU.Build.0 = Release|Any CPU
		{672A26ED-6055-4453-83BD-7396412AB6CB}.Debug|Any CPU.ActiveCfg = Debug|Any CPU
		{672A26ED-6055-4453-83BD-7396412AB6CB}.Debug|Any CPU.Build.0 = Debug|Any CPU
		{672A26ED-6055-4453-83BD-7396412AB6CB}.Release|Any CPU.ActiveCfg = Release|Any CPU
		{672A26ED-6055-4453-83BD-7396412AB6CB}.Release|Any CPU.Build.0 = Release|Any CPU
		{399BA23C-CD2D-4939-8B11-3ADB87E24016}.Debug|Any CPU.ActiveCfg = Debug|Any CPU
		{399BA23C-CD2D-4939-8B11-3ADB87E24016}.Debug|Any CPU.Build.0 = Debug|Any CPU
		{399BA23C-CD2D-4939-8B11-3ADB87E24016}.Release|Any CPU.ActiveCfg = Release|Any CPU
		{399BA23C-CD2D-4939-8B11-3ADB87E24016}.Release|Any CPU.Build.0 = Release|Any CPU
	EndGlobalSection
	GlobalSection(SolutionProperties) = preSolution
		HideSolutionNode = FALSE
	EndGlobalSection
	GlobalSection(NestedProjects) = preSolution
		{1D208359-4440-4A0B-97C8-5717357CF123} = {D8FA177C-E61F-4742-ACD7-720C9D28A139}
		{7194ADA0-3CEF-4357-88AB-1D9BC56E2DCD} = {235DF9A3-26FA-4088-8410-0AAA9A7E7080}
		{235DF9A3-26FA-4088-8410-0AAA9A7E7080} = {02EA681E-C7D8-13C7-8484-4AC65E1B71E8}
		{61AC048C-3B80-400D-9810-16E0E37356DD} = {235DF9A3-26FA-4088-8410-0AAA9A7E7080}
		{1682B766-334F-43AE-9E60-8DF4FB3F3B27} = {235DF9A3-26FA-4088-8410-0AAA9A7E7080}
		{48F51422-1D17-4878-84B8-A5C3F15F8F90} = {02EA681E-C7D8-13C7-8484-4AC65E1B71E8}
		{9FD75F2A-9229-4B31-88A3-6DFF53DD388A} = {48F51422-1D17-4878-84B8-A5C3F15F8F90}
		{65A7AB32-19ED-4AFD-8599-77730DB43F76} = {48F51422-1D17-4878-84B8-A5C3F15F8F90}
		{E7868FC5-4930-4CC1-890A-8119A27026E1} = {48F51422-1D17-4878-84B8-A5C3F15F8F90}
		{E15201C6-F0D2-4599-A1B7-9ECBB080E45F} = {48F51422-1D17-4878-84B8-A5C3F15F8F90}
		{B2750ADC-AC7E-47E2-B7CC-FBC202E4A433} = {02EA681E-C7D8-13C7-8484-4AC65E1B71E8}
		{8FA30644-2734-4724-A4E7-D46B9021A8F7} = {B2750ADC-AC7E-47E2-B7CC-FBC202E4A433}
		{8CCCBC48-75ED-4769-BC80-C110B80A93E0} = {B2750ADC-AC7E-47E2-B7CC-FBC202E4A433}
		{9AEBC8FC-8145-4BC1-9F66-746147514E52} = {DB85B196-22D8-483C-8F69-531AA03E7E6C}
		{970F62FC-8754-4ABF-BB3A-32F02817D2D5} = {B2750ADC-AC7E-47E2-B7CC-FBC202E4A433}
		{BDAA860C-D95D-46F9-A8D0-F3D4FB6ECDD4} = {DB85B196-22D8-483C-8F69-531AA03E7E6C}
		{672A26ED-6055-4453-83BD-7396412AB6CB} = {235DF9A3-26FA-4088-8410-0AAA9A7E7080}
		{399BA23C-CD2D-4939-8B11-3ADB87E24016} = {D8FA177C-E61F-4742-ACD7-720C9D28A139}
	EndGlobalSection
	GlobalSection(ExtensibilityGlobals) = postSolution
		SolutionGuid = {D44F7794-A86F-4633-B1BD-67777A4FE52E}
	EndGlobalSection
EndGlobal
